// !$*UTF8*$!
{
	archiveVersion = 1;
	classes = {
	};
	objectVersion = 56;
	objects = {

/* Begin PBXBuildFile section */
		2D5301C22B2F800F001001F0 /* DataProvider.framework in Frameworks */ = {isa = PBXBuildFile; fileRef = 2D5301C12B2F800F001001F0 /* DataProvider.framework */; };
		2D5301C32B2F800F001001F0 /* DataProvider.framework in Embed Frameworks */ = {isa = PBXBuildFile; fileRef = 2D5301C12B2F800F001001F0 /* DataProvider.framework */; settings = {ATTRIBUTES = (CodeSignOnCopy, RemoveHeadersOnCopy, ); }; };
		2D5301C62B2F8013001001F0 /* UIComponents.framework in Frameworks */ = {isa = PBXBuildFile; fileRef = 2D5301C52B2F8013001001F0 /* UIComponents.framework */; };
		2D5301C72B2F8013001001F0 /* UIComponents.framework in Embed Frameworks */ = {isa = PBXBuildFile; fileRef = 2D5301C52B2F8013001001F0 /* UIComponents.framework */; settings = {ATTRIBUTES = (CodeSignOnCopy, RemoveHeadersOnCopy, ); }; };
		2D5301D02B2F80E4001001F0 /* BaseViewController.swift in Sources */ = {isa = PBXBuildFile; fileRef = 2D5301CF2B2F80E4001001F0 /* BaseViewController.swift */; };
		2D5301D22B2F80F3001001F0 /* BaseViewModel.swift in Sources */ = {isa = PBXBuildFile; fileRef = 2D5301D12B2F80F3001001F0 /* BaseViewModel.swift */; };
		2D5301D92B2F818D001001F0 /* APIRequestInterceptor.swift in Sources */ = {isa = PBXBuildFile; fileRef = 2D5301D42B2F818D001001F0 /* APIRequestInterceptor.swift */; };
		2D5301DA2B2F818D001001F0 /* DataProvider.swift in Sources */ = {isa = PBXBuildFile; fileRef = 2D5301D52B2F818D001001F0 /* DataProvider.swift */; };
		2D5301DB2B2F818D001001F0 /* APILogger.swift in Sources */ = {isa = PBXBuildFile; fileRef = 2D5301D62B2F818D001001F0 /* APILogger.swift */; };
		2D5301DC2B2F818D001001F0 /* APIDataProvider.swift in Sources */ = {isa = PBXBuildFile; fileRef = 2D5301D72B2F818D001001F0 /* APIDataProvider.swift */; };
		2D5301DD2B2F818D001001F0 /* APIRequestAdapter.swift in Sources */ = {isa = PBXBuildFile; fileRef = 2D5301D82B2F818D001001F0 /* APIRequestAdapter.swift */; };
		2D53022C2B2F8BC8001001F0 /* .swiftlint.yml in Resources */ = {isa = PBXBuildFile; fileRef = 2D53022B2B2F8BC8001001F0 /* .swiftlint.yml */; };
		2D63F22E2B31433700BE6A4E /* Utilities.framework in Frameworks */ = {isa = PBXBuildFile; fileRef = 2D63F22D2B31433700BE6A4E /* Utilities.framework */; };
		2D63F22F2B31433700BE6A4E /* Utilities.framework in Embed Frameworks */ = {isa = PBXBuildFile; fileRef = 2D63F22D2B31433700BE6A4E /* Utilities.framework */; settings = {ATTRIBUTES = (CodeSignOnCopy, RemoveHeadersOnCopy, ); }; };
		2D63F2382B31465300BE6A4E /* DismissableRoute.swift in Sources */ = {isa = PBXBuildFile; fileRef = 2D63F2372B31465300BE6A4E /* DismissableRoute.swift */; };
		2D63F23B2B31468500BE6A4E /* Router.swift in Sources */ = {isa = PBXBuildFile; fileRef = 2D63F2392B31468500BE6A4E /* Router.swift */; };
		2D63F23C2B31468500BE6A4E /* Animator.swift in Sources */ = {isa = PBXBuildFile; fileRef = 2D63F23A2B31468500BE6A4E /* Animator.swift */; };
		2D63F23E2B31469E00BE6A4E /* AppRouter.swift in Sources */ = {isa = PBXBuildFile; fileRef = 2D63F23D2B31469E00BE6A4E /* AppRouter.swift */; };
		2D63F2432B3146B700BE6A4E /* Transition.swift in Sources */ = {isa = PBXBuildFile; fileRef = 2D63F23F2B3146B700BE6A4E /* Transition.swift */; };
		2D63F2442B3146B700BE6A4E /* PushTransition.swift in Sources */ = {isa = PBXBuildFile; fileRef = 2D63F2402B3146B700BE6A4E /* PushTransition.swift */; };
		2D63F2452B3146B700BE6A4E /* ModalTransition.swift in Sources */ = {isa = PBXBuildFile; fileRef = 2D63F2412B3146B700BE6A4E /* ModalTransition.swift */; };
		2D63F2462B3146B700BE6A4E /* PlaceOnWindowTransition.swift in Sources */ = {isa = PBXBuildFile; fileRef = 2D63F2422B3146B700BE6A4E /* PlaceOnWindowTransition.swift */; };
		2D8F236C2B3E172700523B8A /* HomeRouter.swift in Sources */ = {isa = PBXBuildFile; fileRef = 2D8F23692B3E172700523B8A /* HomeRouter.swift */; };
		2D8F236D2B3E172700523B8A /* HomeViewController.swift in Sources */ = {isa = PBXBuildFile; fileRef = 2D8F236A2B3E172700523B8A /* HomeViewController.swift */; };
		2D8F236E2B3E172700523B8A /* HomeViewModel.swift in Sources */ = {isa = PBXBuildFile; fileRef = 2D8F236B2B3E172700523B8A /* HomeViewModel.swift */; };
		2D8F23702B3E174300523B8A /* HomeRoute.swift in Sources */ = {isa = PBXBuildFile; fileRef = 2D8F236F2B3E174300523B8A /* HomeRoute.swift */; };
		2DB174D42B3211F600F2FB6B /* MainRouter.swift in Sources */ = {isa = PBXBuildFile; fileRef = 2DB174D12B3211F600F2FB6B /* MainRouter.swift */; };
		2DB174D52B3211F600F2FB6B /* MainViewController.swift in Sources */ = {isa = PBXBuildFile; fileRef = 2DB174D22B3211F600F2FB6B /* MainViewController.swift */; };
		2DB174D62B3211F600F2FB6B /* MainViewModel.swift in Sources */ = {isa = PBXBuildFile; fileRef = 2DB174D32B3211F600F2FB6B /* MainViewModel.swift */; };
		2DB174D82B3227D000F2FB6B /* MainRoute.swift in Sources */ = {isa = PBXBuildFile; fileRef = 2DB174D72B3227D000F2FB6B /* MainRoute.swift */; };
		2DC277E12B3B649300F10C50 /* WeatherListCell+Extensions.swift in Sources */ = {isa = PBXBuildFile; fileRef = 2DC277E02B3B649300F10C50 /* WeatherListCell+Extensions.swift */; };
		2DE7E89E2B2F77C800125EDB /* AppDelegate.swift in Sources */ = {isa = PBXBuildFile; fileRef = 2DE7E89D2B2F77C800125EDB /* AppDelegate.swift */; };
		2DE7E8A52B2F77C800125EDB /* Main.storyboard in Resources */ = {isa = PBXBuildFile; fileRef = 2DE7E8A32B2F77C800125EDB /* Main.storyboard */; };
		2DE7E8A72B2F77CA00125EDB /* Assets.xcassets in Resources */ = {isa = PBXBuildFile; fileRef = 2DE7E8A62B2F77CA00125EDB /* Assets.xcassets */; };
		2DE7E8AA2B2F77CA00125EDB /* LaunchScreen.storyboard in Resources */ = {isa = PBXBuildFile; fileRef = 2DE7E8A82B2F77CA00125EDB /* LaunchScreen.storyboard */; };
		2DF4B7892B36B02700246E23 /* MainTabBarViewController.swift in Sources */ = {isa = PBXBuildFile; fileRef = 2DF4B7862B36B02700246E23 /* MainTabBarViewController.swift */; };
		2DF4B78C2B36B05100246E23 /* MainTabBarRoute.swift in Sources */ = {isa = PBXBuildFile; fileRef = 2DF4B78B2B36B05100246E23 /* MainTabBarRoute.swift */; };
		2DF4B7912B36B12800246E23 /* WeatherListRouter.swift in Sources */ = {isa = PBXBuildFile; fileRef = 2DF4B78E2B36B12800246E23 /* WeatherListRouter.swift */; };
		2DF4B7922B36B12800246E23 /* WeatherListViewController.swift in Sources */ = {isa = PBXBuildFile; fileRef = 2DF4B78F2B36B12800246E23 /* WeatherListViewController.swift */; };
		2DF4B7932B36B12800246E23 /* WeatherListViewModel.swift in Sources */ = {isa = PBXBuildFile; fileRef = 2DF4B7902B36B12800246E23 /* WeatherListViewModel.swift */; };
		D670B19B2582907A5CCA350E /* Pods_Weather.framework in Frameworks */ = {isa = PBXBuildFile; fileRef = E363F289BBA72A2CFAAEB818 /* Pods_Weather.framework */; };
/* End PBXBuildFile section */

/* Begin PBXCopyFilesBuildPhase section */
		2D5301C42B2F800F001001F0 /* Embed Frameworks */ = {
			isa = PBXCopyFilesBuildPhase;
			buildActionMask = 2147483647;
			dstPath = "";
			dstSubfolderSpec = 10;
			files = (
				2D5301C72B2F8013001001F0 /* UIComponents.framework in Embed Frameworks */,
				2D63F22F2B31433700BE6A4E /* Utilities.framework in Embed Frameworks */,
				2D5301C32B2F800F001001F0 /* DataProvider.framework in Embed Frameworks */,
			);
			name = "Embed Frameworks";
			runOnlyForDeploymentPostprocessing = 0;
		};
/* End PBXCopyFilesBuildPhase section */

/* Begin PBXFileReference section */
		2D5301C12B2F800F001001F0 /* DataProvider.framework */ = {isa = PBXFileReference; explicitFileType = wrapper.framework; path = DataProvider.framework; sourceTree = BUILT_PRODUCTS_DIR; };
		2D5301C52B2F8013001001F0 /* UIComponents.framework */ = {isa = PBXFileReference; explicitFileType = wrapper.framework; path = UIComponents.framework; sourceTree = BUILT_PRODUCTS_DIR; };
		2D5301CA2B2F807E001001F0 /* Weather-Bridging-Header.h */ = {isa = PBXFileReference; lastKnownFileType = sourcecode.c.h; path = "Weather-Bridging-Header.h"; sourceTree = "<group>"; };
		2D5301CF2B2F80E4001001F0 /* BaseViewController.swift */ = {isa = PBXFileReference; lastKnownFileType = sourcecode.swift; path = BaseViewController.swift; sourceTree = "<group>"; };
		2D5301D12B2F80F3001001F0 /* BaseViewModel.swift */ = {isa = PBXFileReference; lastKnownFileType = sourcecode.swift; path = BaseViewModel.swift; sourceTree = "<group>"; };
		2D5301D42B2F818D001001F0 /* APIRequestInterceptor.swift */ = {isa = PBXFileReference; fileEncoding = 4; lastKnownFileType = sourcecode.swift; path = APIRequestInterceptor.swift; sourceTree = "<group>"; };
		2D5301D52B2F818D001001F0 /* DataProvider.swift */ = {isa = PBXFileReference; fileEncoding = 4; lastKnownFileType = sourcecode.swift; path = DataProvider.swift; sourceTree = "<group>"; };
		2D5301D62B2F818D001001F0 /* APILogger.swift */ = {isa = PBXFileReference; fileEncoding = 4; lastKnownFileType = sourcecode.swift; path = APILogger.swift; sourceTree = "<group>"; };
		2D5301D72B2F818D001001F0 /* APIDataProvider.swift */ = {isa = PBXFileReference; fileEncoding = 4; lastKnownFileType = sourcecode.swift; path = APIDataProvider.swift; sourceTree = "<group>"; };
		2D5301D82B2F818D001001F0 /* APIRequestAdapter.swift */ = {isa = PBXFileReference; fileEncoding = 4; lastKnownFileType = sourcecode.swift; path = APIRequestAdapter.swift; sourceTree = "<group>"; };
		2D53022B2B2F8BC8001001F0 /* .swiftlint.yml */ = {isa = PBXFileReference; lastKnownFileType = text.yaml; path = .swiftlint.yml; sourceTree = "<group>"; };
		2D63F22D2B31433700BE6A4E /* Utilities.framework */ = {isa = PBXFileReference; explicitFileType = wrapper.framework; path = Utilities.framework; sourceTree = BUILT_PRODUCTS_DIR; };
		2D63F2372B31465300BE6A4E /* DismissableRoute.swift */ = {isa = PBXFileReference; fileEncoding = 4; lastKnownFileType = sourcecode.swift; path = DismissableRoute.swift; sourceTree = "<group>"; };
		2D63F2392B31468500BE6A4E /* Router.swift */ = {isa = PBXFileReference; fileEncoding = 4; lastKnownFileType = sourcecode.swift; path = Router.swift; sourceTree = "<group>"; };
		2D63F23A2B31468500BE6A4E /* Animator.swift */ = {isa = PBXFileReference; fileEncoding = 4; lastKnownFileType = sourcecode.swift; path = Animator.swift; sourceTree = "<group>"; };
		2D63F23D2B31469E00BE6A4E /* AppRouter.swift */ = {isa = PBXFileReference; fileEncoding = 4; lastKnownFileType = sourcecode.swift; path = AppRouter.swift; sourceTree = "<group>"; };
		2D63F23F2B3146B700BE6A4E /* Transition.swift */ = {isa = PBXFileReference; fileEncoding = 4; lastKnownFileType = sourcecode.swift; path = Transition.swift; sourceTree = "<group>"; };
		2D63F2402B3146B700BE6A4E /* PushTransition.swift */ = {isa = PBXFileReference; fileEncoding = 4; lastKnownFileType = sourcecode.swift; path = PushTransition.swift; sourceTree = "<group>"; };
		2D63F2412B3146B700BE6A4E /* ModalTransition.swift */ = {isa = PBXFileReference; fileEncoding = 4; lastKnownFileType = sourcecode.swift; path = ModalTransition.swift; sourceTree = "<group>"; };
		2D63F2422B3146B700BE6A4E /* PlaceOnWindowTransition.swift */ = {isa = PBXFileReference; fileEncoding = 4; lastKnownFileType = sourcecode.swift; path = PlaceOnWindowTransition.swift; sourceTree = "<group>"; };
		2D8F23692B3E172700523B8A /* HomeRouter.swift */ = {isa = PBXFileReference; lastKnownFileType = sourcecode.swift; path = HomeRouter.swift; sourceTree = "<group>"; };
		2D8F236A2B3E172700523B8A /* HomeViewController.swift */ = {isa = PBXFileReference; lastKnownFileType = sourcecode.swift; path = HomeViewController.swift; sourceTree = "<group>"; };
		2D8F236B2B3E172700523B8A /* HomeViewModel.swift */ = {isa = PBXFileReference; lastKnownFileType = sourcecode.swift; path = HomeViewModel.swift; sourceTree = "<group>"; };
		2D8F236F2B3E174300523B8A /* HomeRoute.swift */ = {isa = PBXFileReference; lastKnownFileType = sourcecode.swift; path = HomeRoute.swift; sourceTree = "<group>"; };
		2DB174D12B3211F600F2FB6B /* MainRouter.swift */ = {isa = PBXFileReference; lastKnownFileType = sourcecode.swift; path = MainRouter.swift; sourceTree = "<group>"; };
		2DB174D22B3211F600F2FB6B /* MainViewController.swift */ = {isa = PBXFileReference; lastKnownFileType = sourcecode.swift; path = MainViewController.swift; sourceTree = "<group>"; };
		2DB174D32B3211F600F2FB6B /* MainViewModel.swift */ = {isa = PBXFileReference; lastKnownFileType = sourcecode.swift; path = MainViewModel.swift; sourceTree = "<group>"; };
		2DB174D72B3227D000F2FB6B /* MainRoute.swift */ = {isa = PBXFileReference; lastKnownFileType = sourcecode.swift; path = MainRoute.swift; sourceTree = "<group>"; };
		2DC277E02B3B649300F10C50 /* WeatherListCell+Extensions.swift */ = {isa = PBXFileReference; lastKnownFileType = sourcecode.swift; path = "WeatherListCell+Extensions.swift"; sourceTree = "<group>"; };
		2DE7E89A2B2F77C800125EDB /* Weather.app */ = {isa = PBXFileReference; explicitFileType = wrapper.application; includeInIndex = 0; path = Weather.app; sourceTree = BUILT_PRODUCTS_DIR; };
		2DE7E89D2B2F77C800125EDB /* AppDelegate.swift */ = {isa = PBXFileReference; lastKnownFileType = sourcecode.swift; path = AppDelegate.swift; sourceTree = "<group>"; };
		2DE7E8A42B2F77C800125EDB /* Base */ = {isa = PBXFileReference; lastKnownFileType = file.storyboard; name = Base; path = Base.lproj/Main.storyboard; sourceTree = "<group>"; };
		2DE7E8A62B2F77CA00125EDB /* Assets.xcassets */ = {isa = PBXFileReference; lastKnownFileType = folder.assetcatalog; path = Assets.xcassets; sourceTree = "<group>"; };
		2DE7E8A92B2F77CA00125EDB /* Base */ = {isa = PBXFileReference; lastKnownFileType = file.storyboard; name = Base; path = Base.lproj/LaunchScreen.storyboard; sourceTree = "<group>"; };
		2DE7E8AB2B2F77CA00125EDB /* Info.plist */ = {isa = PBXFileReference; lastKnownFileType = text.plist.xml; path = Info.plist; sourceTree = "<group>"; };
		2DF4B7862B36B02700246E23 /* MainTabBarViewController.swift */ = {isa = PBXFileReference; lastKnownFileType = sourcecode.swift; path = MainTabBarViewController.swift; sourceTree = "<group>"; };
		2DF4B78B2B36B05100246E23 /* MainTabBarRoute.swift */ = {isa = PBXFileReference; lastKnownFileType = sourcecode.swift; path = MainTabBarRoute.swift; sourceTree = "<group>"; };
		2DF4B78E2B36B12800246E23 /* WeatherListRouter.swift */ = {isa = PBXFileReference; lastKnownFileType = sourcecode.swift; path = WeatherListRouter.swift; sourceTree = "<group>"; };
		2DF4B78F2B36B12800246E23 /* WeatherListViewController.swift */ = {isa = PBXFileReference; lastKnownFileType = sourcecode.swift; path = WeatherListViewController.swift; sourceTree = "<group>"; };
		2DF4B7902B36B12800246E23 /* WeatherListViewModel.swift */ = {isa = PBXFileReference; lastKnownFileType = sourcecode.swift; path = WeatherListViewModel.swift; sourceTree = "<group>"; };
		57526DBF2732000EDFE99BE1 /* Pods-Weather.debug.xcconfig */ = {isa = PBXFileReference; includeInIndex = 1; lastKnownFileType = text.xcconfig; name = "Pods-Weather.debug.xcconfig"; path = "Target Support Files/Pods-Weather/Pods-Weather.debug.xcconfig"; sourceTree = "<group>"; };
		C30919DF1B253B1C997A6FF6 /* Pods-Weather.release.xcconfig */ = {isa = PBXFileReference; includeInIndex = 1; lastKnownFileType = text.xcconfig; name = "Pods-Weather.release.xcconfig"; path = "Target Support Files/Pods-Weather/Pods-Weather.release.xcconfig"; sourceTree = "<group>"; };
		E363F289BBA72A2CFAAEB818 /* Pods_Weather.framework */ = {isa = PBXFileReference; explicitFileType = wrapper.framework; includeInIndex = 0; path = Pods_Weather.framework; sourceTree = BUILT_PRODUCTS_DIR; };
/* End PBXFileReference section */

/* Begin PBXFrameworksBuildPhase section */
		2DE7E8972B2F77C800125EDB /* Frameworks */ = {
			isa = PBXFrameworksBuildPhase;
			buildActionMask = 2147483647;
			files = (
				D670B19B2582907A5CCA350E /* Pods_Weather.framework in Frameworks */,
				2D5301C62B2F8013001001F0 /* UIComponents.framework in Frameworks */,
				2D5301C22B2F800F001001F0 /* DataProvider.framework in Frameworks */,
				2D63F22E2B31433700BE6A4E /* Utilities.framework in Frameworks */,
			);
			runOnlyForDeploymentPostprocessing = 0;
		};
/* End PBXFrameworksBuildPhase section */

/* Begin PBXGroup section */
		2D5301C82B2F8026001001F0 /* AppDelegate */ = {
			isa = PBXGroup;
			children = (
				2DE7E89D2B2F77C800125EDB /* AppDelegate.swift */,
				2D5301CA2B2F807E001001F0 /* Weather-Bridging-Header.h */,
			);
			path = AppDelegate;
			sourceTree = "<group>";
		};
		2D5301CD2B2F80BD001001F0 /* Scenes */ = {
			isa = PBXGroup;
			children = (
				2D8F23682B3E16E800523B8A /* Home */,
				2DF4B78D2B36B10B00246E23 /* WeatherList */,
				2DF4B7842B36AFF700246E23 /* MainTabBar */,
				2DB174D02B3211DD00F2FB6B /* Main */,
				2D5301CE2B2F80C6001001F0 /* Base */,
			);
			path = Scenes;
			sourceTree = "<group>";
		};
		2D5301CE2B2F80C6001001F0 /* Base */ = {
			isa = PBXGroup;
			children = (
				2D5301CF2B2F80E4001001F0 /* BaseViewController.swift */,
				2D5301D12B2F80F3001001F0 /* BaseViewModel.swift */,
			);
			path = Base;
			sourceTree = "<group>";
		};
		2D5301D32B2F8156001001F0 /* DataProvider */ = {
			isa = PBXGroup;
			children = (
				2D5301D72B2F818D001001F0 /* APIDataProvider.swift */,
				2D5301D62B2F818D001001F0 /* APILogger.swift */,
				2D5301D82B2F818D001001F0 /* APIRequestAdapter.swift */,
				2D5301D42B2F818D001001F0 /* APIRequestInterceptor.swift */,
				2D5301D52B2F818D001001F0 /* DataProvider.swift */,
			);
			path = DataProvider;
			sourceTree = "<group>";
		};
		2D63F2322B3145CE00BE6A4E /* Routing */ = {
			isa = PBXGroup;
			children = (
				2D63F2362B31460300BE6A4E /* Core */,
				2D63F2352B3145FC00BE6A4E /* Routers */,
				2D63F2342B3145F000BE6A4E /* Transitions */,
				2D63F2332B3145D600BE6A4E /* Route */,
			);
			path = Routing;
			sourceTree = "<group>";
		};
		2D63F2332B3145D600BE6A4E /* Route */ = {
			isa = PBXGroup;
			children = (
				2D63F2372B31465300BE6A4E /* DismissableRoute.swift */,
			);
			path = Route;
			sourceTree = "<group>";
		};
		2D63F2342B3145F000BE6A4E /* Transitions */ = {
			isa = PBXGroup;
			children = (
				2D63F2412B3146B700BE6A4E /* ModalTransition.swift */,
				2D63F2422B3146B700BE6A4E /* PlaceOnWindowTransition.swift */,
				2D63F2402B3146B700BE6A4E /* PushTransition.swift */,
				2D63F23F2B3146B700BE6A4E /* Transition.swift */,
			);
			path = Transitions;
			sourceTree = "<group>";
		};
		2D63F2352B3145FC00BE6A4E /* Routers */ = {
			isa = PBXGroup;
			children = (
				2D63F23D2B31469E00BE6A4E /* AppRouter.swift */,
			);
			path = Routers;
			sourceTree = "<group>";
		};
		2D63F2362B31460300BE6A4E /* Core */ = {
			isa = PBXGroup;
			children = (
				2D63F23A2B31468500BE6A4E /* Animator.swift */,
				2D63F2392B31468500BE6A4E /* Router.swift */,
			);
			path = Core;
			sourceTree = "<group>";
		};
		2D8F23682B3E16E800523B8A /* Home */ = {
			isa = PBXGroup;
			children = (
				2D8F236A2B3E172700523B8A /* HomeViewController.swift */,
				2D8F236B2B3E172700523B8A /* HomeViewModel.swift */,
				2D8F23692B3E172700523B8A /* HomeRouter.swift */,
				2D8F236F2B3E174300523B8A /* HomeRoute.swift */,
			);
			path = Home;
			sourceTree = "<group>";
		};
		2DB174D02B3211DD00F2FB6B /* Main */ = {
			isa = PBXGroup;
			children = (
				2DB174D22B3211F600F2FB6B /* MainViewController.swift */,
				2DB174D32B3211F600F2FB6B /* MainViewModel.swift */,
				2DB174D12B3211F600F2FB6B /* MainRouter.swift */,
				2DB174D72B3227D000F2FB6B /* MainRoute.swift */,
			);
			path = Main;
			sourceTree = "<group>";
		};
		2DC277DF2B3B647200F10C50 /* UIComponents */ = {
			isa = PBXGroup;
			children = (
				2DC277E02B3B649300F10C50 /* WeatherListCell+Extensions.swift */,
			);
			path = UIComponents;
			sourceTree = "<group>";
		};
		2DE7E8912B2F77C700125EDB = {
			isa = PBXGroup;
			children = (
				2D53022B2B2F8BC8001001F0 /* .swiftlint.yml */,
				2DE7E89C2B2F77C800125EDB /* Weather */,
				2DE7E89B2B2F77C800125EDB /* Products */,
				791852AD94EFB7866658D44F /* Pods */,
				5E7EE7EC670E5328575C3C0B /* Frameworks */,
			);
			sourceTree = "<group>";
		};
		2DE7E89B2B2F77C800125EDB /* Products */ = {
			isa = PBXGroup;
			children = (
				2DE7E89A2B2F77C800125EDB /* Weather.app */,
			);
			name = Products;
			sourceTree = "<group>";
		};
		2DE7E89C2B2F77C800125EDB /* Weather */ = {
			isa = PBXGroup;
			children = (
				2DC277DF2B3B647200F10C50 /* UIComponents */,
				2D63F2322B3145CE00BE6A4E /* Routing */,
				2D5301D32B2F8156001001F0 /* DataProvider */,
				2D5301CD2B2F80BD001001F0 /* Scenes */,
				2D5301C82B2F8026001001F0 /* AppDelegate */,
				2DE7E8A32B2F77C800125EDB /* Main.storyboard */,
				2DE7E8A62B2F77CA00125EDB /* Assets.xcassets */,
				2DE7E8A82B2F77CA00125EDB /* LaunchScreen.storyboard */,
				2DE7E8AB2B2F77CA00125EDB /* Info.plist */,
			);
			path = Weather;
			sourceTree = "<group>";
		};
		2DF4B7842B36AFF700246E23 /* MainTabBar */ = {
			isa = PBXGroup;
			children = (
				2DF4B7862B36B02700246E23 /* MainTabBarViewController.swift */,
				2DF4B78B2B36B05100246E23 /* MainTabBarRoute.swift */,
			);
			path = MainTabBar;
			sourceTree = "<group>";
		};
		2DF4B78D2B36B10B00246E23 /* WeatherList */ = {
			isa = PBXGroup;
			children = (
				2DF4B78F2B36B12800246E23 /* WeatherListViewController.swift */,
				2DF4B7902B36B12800246E23 /* WeatherListViewModel.swift */,
				2DF4B78E2B36B12800246E23 /* WeatherListRouter.swift */,
			);
			path = WeatherList;
			sourceTree = "<group>";
		};
		5E7EE7EC670E5328575C3C0B /* Frameworks */ = {
			isa = PBXGroup;
			children = (
				2D63F22D2B31433700BE6A4E /* Utilities.framework */,
				2D5301C52B2F8013001001F0 /* UIComponents.framework */,
				2D5301C12B2F800F001001F0 /* DataProvider.framework */,
				E363F289BBA72A2CFAAEB818 /* Pods_Weather.framework */,
			);
			name = Frameworks;
			sourceTree = "<group>";
		};
		791852AD94EFB7866658D44F /* Pods */ = {
			isa = PBXGroup;
			children = (
				57526DBF2732000EDFE99BE1 /* Pods-Weather.debug.xcconfig */,
				C30919DF1B253B1C997A6FF6 /* Pods-Weather.release.xcconfig */,
			);
			path = Pods;
			sourceTree = "<group>";
		};
/* End PBXGroup section */

/* Begin PBXNativeTarget section */
		2DE7E8992B2F77C800125EDB /* Weather */ = {
			isa = PBXNativeTarget;
			buildConfigurationList = 2DE7E8AE2B2F77CA00125EDB /* Build configuration list for PBXNativeTarget "Weather" */;
			buildPhases = (
				0CA63F08FEF49CB090EBFC66 /* [CP] Check Pods Manifest.lock */,
				2DE7E8B12B2F7C5900125EDB /* Run SwiftLint */,
				2DE7E8962B2F77C800125EDB /* Sources */,
				2DE7E8972B2F77C800125EDB /* Frameworks */,
				2DE7E8982B2F77C800125EDB /* Resources */,
				2D5301C42B2F800F001001F0 /* Embed Frameworks */,
				2F72AA3855F391F892DFCEFF /* [CP] Embed Pods Frameworks */,
			);
			buildRules = (
			);
			dependencies = (
			);
			name = Weather;
			productName = Weather;
			productReference = 2DE7E89A2B2F77C800125EDB /* Weather.app */;
			productType = "com.apple.product-type.application";
		};
/* End PBXNativeTarget section */

/* Begin PBXProject section */
		2DE7E8922B2F77C700125EDB /* Project object */ = {
			isa = PBXProject;
			attributes = {
				BuildIndependentTargetsInParallel = 1;
				LastSwiftUpdateCheck = 1420;
				LastUpgradeCheck = 1420;
				TargetAttributes = {
					2DE7E8992B2F77C800125EDB = {
						CreatedOnToolsVersion = 14.2;
						LastSwiftMigration = 1420;
					};
				};
			};
			buildConfigurationList = 2DE7E8952B2F77C700125EDB /* Build configuration list for PBXProject "Weather" */;
			compatibilityVersion = "Xcode 14.0";
			developmentRegion = en;
			hasScannedForEncodings = 0;
			knownRegions = (
				en,
				Base,
			);
			mainGroup = 2DE7E8912B2F77C700125EDB;
			productRefGroup = 2DE7E89B2B2F77C800125EDB /* Products */;
			projectDirPath = "";
			projectRoot = "";
			targets = (
				2DE7E8992B2F77C800125EDB /* Weather */,
			);
		};
/* End PBXProject section */

/* Begin PBXResourcesBuildPhase section */
		2DE7E8982B2F77C800125EDB /* Resources */ = {
			isa = PBXResourcesBuildPhase;
			buildActionMask = 2147483647;
			files = (
				2D53022C2B2F8BC8001001F0 /* .swiftlint.yml in Resources */,
				2DE7E8AA2B2F77CA00125EDB /* LaunchScreen.storyboard in Resources */,
				2DE7E8A72B2F77CA00125EDB /* Assets.xcassets in Resources */,
				2DE7E8A52B2F77C800125EDB /* Main.storyboard in Resources */,
			);
			runOnlyForDeploymentPostprocessing = 0;
		};
/* End PBXResourcesBuildPhase section */

/* Begin PBXShellScriptBuildPhase section */
		0CA63F08FEF49CB090EBFC66 /* [CP] Check Pods Manifest.lock */ = {
			isa = PBXShellScriptBuildPhase;
			buildActionMask = 2147483647;
			files = (
			);
			inputFileListPaths = (
			);
			inputPaths = (
				"${PODS_PODFILE_DIR_PATH}/Podfile.lock",
				"${PODS_ROOT}/Manifest.lock",
			);
			name = "[CP] Check Pods Manifest.lock";
			outputFileListPaths = (
			);
			outputPaths = (
				"$(DERIVED_FILE_DIR)/Pods-Weather-checkManifestLockResult.txt",
			);
			runOnlyForDeploymentPostprocessing = 0;
			shellPath = /bin/sh;
			shellScript = "diff \"${PODS_PODFILE_DIR_PATH}/Podfile.lock\" \"${PODS_ROOT}/Manifest.lock\" > /dev/null\nif [ $? != 0 ] ; then\n    # print error to STDERR\n    echo \"error: The sandbox is not in sync with the Podfile.lock. Run 'pod install' or update your CocoaPods installation.\" >&2\n    exit 1\nfi\n# This output is used by Xcode 'outputs' to avoid re-running this script phase.\necho \"SUCCESS\" > \"${SCRIPT_OUTPUT_FILE_0}\"\n";
			showEnvVarsInLog = 0;
		};
		2DE7E8B12B2F7C5900125EDB /* Run SwiftLint */ = {
			isa = PBXShellScriptBuildPhase;
			buildActionMask = 2147483647;
			files = (
			);
			inputFileListPaths = (
			);
			inputPaths = (
			);
			name = "Run SwiftLint";
			outputFileListPaths = (
			);
			outputPaths = (
			);
			runOnlyForDeploymentPostprocessing = 0;
			shellPath = /bin/sh;
			shellScript = "\"${PODS_ROOT}/SwiftLint/swiftlint\"\n";
		};
		2F72AA3855F391F892DFCEFF /* [CP] Embed Pods Frameworks */ = {
			isa = PBXShellScriptBuildPhase;
			buildActionMask = 2147483647;
			files = (
			);
			inputFileListPaths = (
				"${PODS_ROOT}/Target Support Files/Pods-Weather/Pods-Weather-frameworks-${CONFIGURATION}-input-files.xcfilelist",
			);
			name = "[CP] Embed Pods Frameworks";
			outputFileListPaths = (
				"${PODS_ROOT}/Target Support Files/Pods-Weather/Pods-Weather-frameworks-${CONFIGURATION}-output-files.xcfilelist",
			);
			runOnlyForDeploymentPostprocessing = 0;
			shellPath = /bin/sh;
			shellScript = "\"${PODS_ROOT}/Target Support Files/Pods-Weather/Pods-Weather-frameworks.sh\"\n";
			showEnvVarsInLog = 0;
		};
/* End PBXShellScriptBuildPhase section */

/* Begin PBXSourcesBuildPhase section */
		2DE7E8962B2F77C800125EDB /* Sources */ = {
			isa = PBXSourcesBuildPhase;
			buildActionMask = 2147483647;
			files = (
				2D63F2432B3146B700BE6A4E /* Transition.swift in Sources */,
				2D63F23C2B31468500BE6A4E /* Animator.swift in Sources */,
				2D63F23B2B31468500BE6A4E /* Router.swift in Sources */,
				2D5301DD2B2F818D001001F0 /* APIRequestAdapter.swift in Sources */,
				2D5301DA2B2F818D001001F0 /* DataProvider.swift in Sources */,
				2DF4B7922B36B12800246E23 /* WeatherListViewController.swift in Sources */,
				2DB174D52B3211F600F2FB6B /* MainViewController.swift in Sources */,
				2DF4B78C2B36B05100246E23 /* MainTabBarRoute.swift in Sources */,
				2DC277E12B3B649300F10C50 /* WeatherListCell+Extensions.swift in Sources */,
				2D63F2462B3146B700BE6A4E /* PlaceOnWindowTransition.swift in Sources */,
				2D8F23702B3E174300523B8A /* HomeRoute.swift in Sources */,
				2DF4B7892B36B02700246E23 /* MainTabBarViewController.swift in Sources */,
				2DF4B7932B36B12800246E23 /* WeatherListViewModel.swift in Sources */,
				2D5301D22B2F80F3001001F0 /* BaseViewModel.swift in Sources */,
				2D63F2382B31465300BE6A4E /* DismissableRoute.swift in Sources */,
				2D63F2452B3146B700BE6A4E /* ModalTransition.swift in Sources */,
				2D8F236E2B3E172700523B8A /* HomeViewModel.swift in Sources */,
				2D5301DB2B2F818D001001F0 /* APILogger.swift in Sources */,
				2D5301D92B2F818D001001F0 /* APIRequestInterceptor.swift in Sources */,
				2D63F2442B3146B700BE6A4E /* PushTransition.swift in Sources */,
				2DE7E89E2B2F77C800125EDB /* AppDelegate.swift in Sources */,
				2D8F236D2B3E172700523B8A /* HomeViewController.swift in Sources */,
				2DB174D62B3211F600F2FB6B /* MainViewModel.swift in Sources */,
				2D63F23E2B31469E00BE6A4E /* AppRouter.swift in Sources */,
				2D5301D02B2F80E4001001F0 /* BaseViewController.swift in Sources */,
				2D5301DC2B2F818D001001F0 /* APIDataProvider.swift in Sources */,
				2DB174D82B3227D000F2FB6B /* MainRoute.swift in Sources */,
				2DB174D42B3211F600F2FB6B /* MainRouter.swift in Sources */,
				2D8F236C2B3E172700523B8A /* HomeRouter.swift in Sources */,
				2DF4B7912B36B12800246E23 /* WeatherListRouter.swift in Sources */,
			);
			runOnlyForDeploymentPostprocessing = 0;
		};
/* End PBXSourcesBuildPhase section */

/* Begin PBXVariantGroup section */
		2DE7E8A32B2F77C800125EDB /* Main.storyboard */ = {
			isa = PBXVariantGroup;
			children = (
				2DE7E8A42B2F77C800125EDB /* Base */,
			);
			name = Main.storyboard;
			sourceTree = "<group>";
		};
		2DE7E8A82B2F77CA00125EDB /* LaunchScreen.storyboard */ = {
			isa = PBXVariantGroup;
			children = (
				2DE7E8A92B2F77CA00125EDB /* Base */,
			);
			name = LaunchScreen.storyboard;
			sourceTree = "<group>";
		};
/* End PBXVariantGroup section */

/* Begin XCBuildConfiguration section */
		2DE7E8AC2B2F77CA00125EDB /* Debug */ = {
			isa = XCBuildConfiguration;
			buildSettings = {
				ALWAYS_SEARCH_USER_PATHS = NO;
				CLANG_ANALYZER_NONNULL = YES;
				CLANG_ANALYZER_NUMBER_OBJECT_CONVERSION = YES_AGGRESSIVE;
				CLANG_CXX_LANGUAGE_STANDARD = "gnu++20";
				CLANG_ENABLE_MODULES = YES;
				CLANG_ENABLE_OBJC_ARC = YES;
				CLANG_ENABLE_OBJC_WEAK = YES;
				CLANG_WARN_BLOCK_CAPTURE_AUTORELEASING = YES;
				CLANG_WARN_BOOL_CONVERSION = YES;
				CLANG_WARN_COMMA = YES;
				CLANG_WARN_CONSTANT_CONVERSION = YES;
				CLANG_WARN_DEPRECATED_OBJC_IMPLEMENTATIONS = YES;
				CLANG_WARN_DIRECT_OBJC_ISA_USAGE = YES_ERROR;
				CLANG_WARN_DOCUMENTATION_COMMENTS = YES;
				CLANG_WARN_EMPTY_BODY = YES;
				CLANG_WARN_ENUM_CONVERSION = YES;
				CLANG_WARN_INFINITE_RECURSION = YES;
				CLANG_WARN_INT_CONVERSION = YES;
				CLANG_WARN_NON_LITERAL_NULL_CONVERSION = YES;
				CLANG_WARN_OBJC_IMPLICIT_RETAIN_SELF = YES;
				CLANG_WARN_OBJC_LITERAL_CONVERSION = YES;
				CLANG_WARN_OBJC_ROOT_CLASS = YES_ERROR;
				CLANG_WARN_QUOTED_INCLUDE_IN_FRAMEWORK_HEADER = YES;
				CLANG_WARN_RANGE_LOOP_ANALYSIS = YES;
				CLANG_WARN_STRICT_PROTOTYPES = YES;
				CLANG_WARN_SUSPICIOUS_MOVE = YES;
				CLANG_WARN_UNGUARDED_AVAILABILITY = YES_AGGRESSIVE;
				CLANG_WARN_UNREACHABLE_CODE = YES;
				CLANG_WARN__DUPLICATE_METHOD_MATCH = YES;
				COPY_PHASE_STRIP = NO;
				DEBUG_INFORMATION_FORMAT = dwarf;
				ENABLE_STRICT_OBJC_MSGSEND = YES;
				ENABLE_TESTABILITY = YES;
				GCC_C_LANGUAGE_STANDARD = gnu11;
				GCC_DYNAMIC_NO_PIC = NO;
				GCC_NO_COMMON_BLOCKS = YES;
				GCC_OPTIMIZATION_LEVEL = 0;
				GCC_PREPROCESSOR_DEFINITIONS = (
					"DEBUG=1",
					"$(inherited)",
				);
				GCC_WARN_64_TO_32_BIT_CONVERSION = YES;
				GCC_WARN_ABOUT_RETURN_TYPE = YES_ERROR;
				GCC_WARN_UNDECLARED_SELECTOR = YES;
				GCC_WARN_UNINITIALIZED_AUTOS = YES_AGGRESSIVE;
				GCC_WARN_UNUSED_FUNCTION = YES;
				GCC_WARN_UNUSED_VARIABLE = YES;
				IPHONEOS_DEPLOYMENT_TARGET = 16.2;
				MTL_ENABLE_DEBUG_INFO = INCLUDE_SOURCE;
				MTL_FAST_MATH = YES;
				ONLY_ACTIVE_ARCH = YES;
				SDKROOT = iphoneos;
				SWIFT_ACTIVE_COMPILATION_CONDITIONS = DEBUG;
				SWIFT_OPTIMIZATION_LEVEL = "-Onone";
			};
			name = Debug;
		};
		2DE7E8AD2B2F77CA00125EDB /* Release */ = {
			isa = XCBuildConfiguration;
			buildSettings = {
				ALWAYS_SEARCH_USER_PATHS = NO;
				CLANG_ANALYZER_NONNULL = YES;
				CLANG_ANALYZER_NUMBER_OBJECT_CONVERSION = YES_AGGRESSIVE;
				CLANG_CXX_LANGUAGE_STANDARD = "gnu++20";
				CLANG_ENABLE_MODULES = YES;
				CLANG_ENABLE_OBJC_ARC = YES;
				CLANG_ENABLE_OBJC_WEAK = YES;
				CLANG_WARN_BLOCK_CAPTURE_AUTORELEASING = YES;
				CLANG_WARN_BOOL_CONVERSION = YES;
				CLANG_WARN_COMMA = YES;
				CLANG_WARN_CONSTANT_CONVERSION = YES;
				CLANG_WARN_DEPRECATED_OBJC_IMPLEMENTATIONS = YES;
				CLANG_WARN_DIRECT_OBJC_ISA_USAGE = YES_ERROR;
				CLANG_WARN_DOCUMENTATION_COMMENTS = YES;
				CLANG_WARN_EMPTY_BODY = YES;
				CLANG_WARN_ENUM_CONVERSION = YES;
				CLANG_WARN_INFINITE_RECURSION = YES;
				CLANG_WARN_INT_CONVERSION = YES;
				CLANG_WARN_NON_LITERAL_NULL_CONVERSION = YES;
				CLANG_WARN_OBJC_IMPLICIT_RETAIN_SELF = YES;
				CLANG_WARN_OBJC_LITERAL_CONVERSION = YES;
				CLANG_WARN_OBJC_ROOT_CLASS = YES_ERROR;
				CLANG_WARN_QUOTED_INCLUDE_IN_FRAMEWORK_HEADER = YES;
				CLANG_WARN_RANGE_LOOP_ANALYSIS = YES;
				CLANG_WARN_STRICT_PROTOTYPES = YES;
				CLANG_WARN_SUSPICIOUS_MOVE = YES;
				CLANG_WARN_UNGUARDED_AVAILABILITY = YES_AGGRESSIVE;
				CLANG_WARN_UNREACHABLE_CODE = YES;
				CLANG_WARN__DUPLICATE_METHOD_MATCH = YES;
				COPY_PHASE_STRIP = NO;
				DEBUG_INFORMATION_FORMAT = "dwarf-with-dsym";
				ENABLE_NS_ASSERTIONS = NO;
				ENABLE_STRICT_OBJC_MSGSEND = YES;
				GCC_C_LANGUAGE_STANDARD = gnu11;
				GCC_NO_COMMON_BLOCKS = YES;
				GCC_WARN_64_TO_32_BIT_CONVERSION = YES;
				GCC_WARN_ABOUT_RETURN_TYPE = YES_ERROR;
				GCC_WARN_UNDECLARED_SELECTOR = YES;
				GCC_WARN_UNINITIALIZED_AUTOS = YES_AGGRESSIVE;
				GCC_WARN_UNUSED_FUNCTION = YES;
				GCC_WARN_UNUSED_VARIABLE = YES;
				IPHONEOS_DEPLOYMENT_TARGET = 16.2;
				MTL_ENABLE_DEBUG_INFO = NO;
				MTL_FAST_MATH = YES;
				SDKROOT = iphoneos;
				SWIFT_COMPILATION_MODE = wholemodule;
				SWIFT_OPTIMIZATION_LEVEL = "-O";
				VALIDATE_PRODUCT = YES;
			};
			name = Release;
		};
		2DE7E8AF2B2F77CA00125EDB /* Debug */ = {
			isa = XCBuildConfiguration;
			baseConfigurationReference = 57526DBF2732000EDFE99BE1 /* Pods-Weather.debug.xcconfig */;
			buildSettings = {
				ASSETCATALOG_COMPILER_APPICON_NAME = AppIcon;
				ASSETCATALOG_COMPILER_GLOBAL_ACCENT_COLOR_NAME = AccentColor;
				CLANG_ENABLE_MODULES = YES;
				CODE_SIGN_STYLE = Automatic;
				CURRENT_PROJECT_VERSION = 1;
				DEVELOPMENT_TEAM = 6KBC8FTKD3;
				GENERATE_INFOPLIST_FILE = YES;
				INFOPLIST_FILE = Weather/Info.plist;
				INFOPLIST_KEY_NSLocationAlwaysUsageDescription = "We need your locations";
				INFOPLIST_KEY_NSLocationWhenInUseUsageDescription = "We need your locations";
				INFOPLIST_KEY_UIApplicationSupportsIndirectInputEvents = YES;
				INFOPLIST_KEY_UILaunchStoryboardName = LaunchScreen;
				INFOPLIST_KEY_UISupportedInterfaceOrientations_iPad = "UIInterfaceOrientationPortrait UIInterfaceOrientationPortraitUpsideDown UIInterfaceOrientationLandscapeLeft UIInterfaceOrientationLandscapeRight";
				INFOPLIST_KEY_UISupportedInterfaceOrientations_iPhone = "UIInterfaceOrientationPortrait UIInterfaceOrientationLandscapeLeft UIInterfaceOrientationLandscapeRight";
				LD_RUNPATH_SEARCH_PATHS = (
					"$(inherited)",
					"@executable_path/Frameworks",
				);
				MARKETING_VERSION = 1.0;
				PRODUCT_BUNDLE_IDENTIFIER = UmitBakiDikbiyik.Weather;
				PRODUCT_NAME = "$(TARGET_NAME)";
				SWIFT_EMIT_LOC_STRINGS = YES;
				SWIFT_OBJC_BRIDGING_HEADER = "Weather/AppDelegate/Weather-Bridging-Header.h";
				SWIFT_OPTIMIZATION_LEVEL = "-Onone";
				SWIFT_VERSION = 5.0;
				TARGETED_DEVICE_FAMILY = "1,2";
			};
			name = Debug;
		};
		2DE7E8B02B2F77CA00125EDB /* Release */ = {
			isa = XCBuildConfiguration;
			baseConfigurationReference = C30919DF1B253B1C997A6FF6 /* Pods-Weather.release.xcconfig */;
			buildSettings = {
				ASSETCATALOG_COMPILER_APPICON_NAME = AppIcon;
				ASSETCATALOG_COMPILER_GLOBAL_ACCENT_COLOR_NAME = AccentColor;
				CLANG_ENABLE_MODULES = YES;
				CODE_SIGN_STYLE = Automatic;
				CURRENT_PROJECT_VERSION = 1;
				DEVELOPMENT_TEAM = 6KBC8FTKD3;
				GENERATE_INFOPLIST_FILE = YES;
				INFOPLIST_FILE = Weather/Info.plist;
				INFOPLIST_KEY_NSLocationAlwaysUsageDescription = "We need your locations";
				INFOPLIST_KEY_NSLocationWhenInUseUsageDescription = "We need your locations";
				INFOPLIST_KEY_UIApplicationSupportsIndirectInputEvents = YES;
				INFOPLIST_KEY_UILaunchStoryboardName = LaunchScreen;
				INFOPLIST_KEY_UISupportedInterfaceOrientations_iPad = "UIInterfaceOrientationPortrait UIInterfaceOrientationPortraitUpsideDown UIInterfaceOrientationLandscapeLeft UIInterfaceOrientationLandscapeRight";
				INFOPLIST_KEY_UISupportedInterfaceOrientations_iPhone = "UIInterfaceOrientationPortrait UIInterfaceOrientationLandscapeLeft UIInterfaceOrientationLandscapeRight";
				LD_RUNPATH_SEARCH_PATHS = (
					"$(inherited)",
					"@executable_path/Frameworks",
				);
				MARKETING_VERSION = 1.0;
				PRODUCT_BUNDLE_IDENTIFIER = UmitBakiDikbiyik.Weather;
				PRODUCT_NAME = "$(TARGET_NAME)";
				SWIFT_EMIT_LOC_STRINGS = YES;
				SWIFT_OBJC_BRIDGING_HEADER = "Weather/AppDelegate/Weather-Bridging-Header.h";
				SWIFT_VERSION = 5.0;
				TARGETED_DEVICE_FAMILY = "1,2";
			};
			name = Release;
		};
/* End XCBuildConfiguration section */

/* Begin XCConfigurationList section */
		2DE7E8952B2F77C700125EDB /* Build configuration list for PBXProject "Weather" */ = {
			isa = XCConfigurationList;
			buildConfigurations = (
				2DE7E8AC2B2F77CA00125EDB /* Debug */,
				2DE7E8AD2B2F77CA00125EDB /* Release */,
			);
			defaultConfigurationIsVisible = 0;
			defaultConfigurationName = Release;
		};
		2DE7E8AE2B2F77CA00125EDB /* Build configuration list for PBXNativeTarget "Weather" */ = {
			isa = XCConfigurationList;
			buildConfigurations = (
				2DE7E8AF2B2F77CA00125EDB /* Debug */,
				2DE7E8B02B2F77CA00125EDB /* Release */,
			);
			defaultConfigurationIsVisible = 0;
			defaultConfigurationName = Release;
		};
/* End XCConfigurationList section */
	};
	rootObject = 2DE7E8922B2F77C700125EDB /* Project object */;
}
